{
  "name": "@oh-cli-dev/exec",
  "version": "1.1.2",
  "lockfileVersion": 2,
  "requires": true,
  "packages": {
    "": {
      "name": "@oh-cli-dev/exec",
      "version": "1.1.2",
      "license": "ISC",
      "dependencies": {
        "@oh-cli-dev/log": "file:../../utils/log",
        "@oh-cli-dev/package": "file:../../models/package"
      }
    },
    "../../models/package": {
      "name": "@oh-cli-dev/package",
      "version": "1.0.4",
      "license": "ISC",
      "dependencies": {
        "@oh-cli-dev/utils": "file:../../utils/utils"
      }
    },
    "../../utils/log": {
      "name": "@oh-cli-dev/log",
      "version": "1.0.4",
      "license": "ISC",
      "dependencies": {
        "npmlog": "^6.0.2"
      }
    },
    "modles/package": {
      "extraneous": true
    },
    "node_modules/@oh-cli-dev/log": {
      "resolved": "../../utils/log",
      "link": true
    },
    "node_modules/@oh-cli-dev/package": {
      "resolved": "../../models/package",
      "link": true
    }
  },
  "dependencies": {
    "@oh-cli-dev/log": {
      "version": "file:../../utils/log",
      "requires": {
        "npmlog": "^6.0.2"
      }
    },
    "@oh-cli-dev/package": {
      "version": "file:../../models/package",
      "requires": {
        "@oh-cli-dev/utils": "file:../../utils/utils"
      }
    }
  }
}
